// !$*UTF8*$!
{
	archiveVersion = 1;
	classes = {
	};
	objectVersion = 77;
	objects = {

/* Begin PBXContainerItemProxy section */
		3FCF956D2D6A6FAD00A091F6 /* PBXContainerItemProxy */ = {
			isa = PBXContainerItemProxy;
			containerPortal = 3FCF954E2D6A6FAC00A091F6 /* Project object */;
			proxyType = 1;
			remoteGlobalIDString = 3FCF95552D6A6FAC00A091F6;
			remoteInfo = SocialNetworkWithPhotos;
		};
		3FCF95772D6A6FAD00A091F6 /* PBXContainerItemProxy */ = {
			isa = PBXContainerItemProxy;
			containerPortal = 3FCF954E2D6A6FAC00A091F6 /* Project object */;
			proxyType = 1;
			remoteGlobalIDString = 3FCF95552D6A6FAC00A091F6;
			remoteInfo = SocialNetworkWithPhotos;
		};
/* End PBXContainerItemProxy section */

/* Begin PBXFileReference section */
		3FCF95562D6A6FAC00A091F6 /* SocialNetworkWithPhotos.app */ = {isa = PBXFileReference; explicitFileType = wrapper.application; includeInIndex = 0; path = SocialNetworkWithPhotos.app; sourceTree = BUILT_PRODUCTS_DIR; };
		3FCF956C2D6A6FAD00A091F6 /* SocialNetworkWithPhotosTests.xctest */ = {isa = PBXFileReference; explicitFileType = wrapper.cfbundle; includeInIndex = 0; path = SocialNetworkWithPhotosTests.xctest; sourceTree = BUILT_PRODUCTS_DIR; };
		3FCF95762D6A6FAD00A091F6 /* SocialNetworkWithPhotosUITests.xctest */ = {isa = PBXFileReference; explicitFileType = wrapper.cfbundle; includeInIndex = 0; path = SocialNetworkWithPhotosUITests.xctest; sourceTree = BUILT_PRODUCTS_DIR; };
/* End PBXFileReference section */

/* Begin PBXFileSystemSynchronizedBuildFileExceptionSet section */
		3FCF957E2D6A6FAD00A091F6 /* Exceptions for "SocialNetworkWithPhotos" folder in "SocialNetworkWithPhotos" target */ = {
			isa = PBXFileSystemSynchronizedBuildFileExceptionSet;
			membershipExceptions = (
				Info.plist,
			);
			target = 3FCF95552D6A6FAC00A091F6 /* SocialNetworkWithPhotos */;
		};
/* End PBXFileSystemSynchronizedBuildFileExceptionSet section */

/* Begin PBXFileSystemSynchronizedRootGroup section */
		3FCF95582D6A6FAC00A091F6 /* SocialNetworkWithPhotos */ = {
			isa = PBXFileSystemSynchronizedRootGroup;
			exceptions = (
				3FCF957E2D6A6FAD00A091F6 /* Exceptions for "SocialNetworkWithPhotos" folder in "SocialNetworkWithPhotos" target */,
			);
			path = SocialNetworkWithPhotos;
			sourceTree = "<group>";
		};
		3FCF956F2D6A6FAD00A091F6 /* SocialNetworkWithPhotosTests */ = {
			isa = PBXFileSystemSynchronizedRootGroup;
			path = SocialNetworkWithPhotosTests;
			sourceTree = "<group>";
		};
		3FCF95792D6A6FAD00A091F6 /* SocialNetworkWithPhotosUITests */ = {
			isa = PBXFileSystemSynchronizedRootGroup;
			path = SocialNetworkWithPhotosUITests;
			sourceTree = "<group>";
		};
/* End PBXFileSystemSynchronizedRootGroup section */

/* Begin PBXFrameworksBuildPhase section */
		3FCF95532D6A6FAC00A091F6 /* Frameworks */ = {
			isa = PBXFrameworksBuildPhase;
			buildActionMask = 2147483647;
			files = (
			);
			runOnlyForDeploymentPostprocessing = 0;
		};
		3FCF95692D6A6FAD00A091F6 /* Frameworks */ = {
			isa = PBXFrameworksBuildPhase;
			buildActionMask = 2147483647;
			files = (
			);
			runOnlyForDeploymentPostprocessing = 0;
		};
		3FCF95732D6A6FAD00A091F6 /* Frameworks */ = {
			isa = PBXFrameworksBuildPhase;
			buildActionMask = 2147483647;
			files = (
			);
			runOnlyForDeploymentPostprocessing = 0;
		};
/* End PBXFrameworksBuildPhase section */

/* Begin PBXGroup section */
		3FCF954D2D6A6FAC00A091F6 = {
			isa = PBXGroup;
			children = (
				3FCF95582D6A6FAC00A091F6 /* SocialNetworkWithPhotos */,
				3FCF956F2D6A6FAD00A091F6 /* SocialNetworkWithPhotosTests */,
				3FCF95792D6A6FAD00A091F6 /* SocialNetworkWithPhotosUITests */,
				3FCF95572D6A6FAC00A091F6 /* Products */,
			);
			sourceTree = "<group>";
		};
		3FCF95572D6A6FAC00A091F6 /* Products */ = {
			isa = PBXGroup;
			children = (
				3FCF95562D6A6FAC00A091F6 /* SocialNetworkWithPhotos.app */,
				3FCF956C2D6A6FAD00A091F6 /* SocialNetworkWithPhotosTests.xctest */,
				3FCF95762D6A6FAD00A091F6 /* SocialNetworkWithPhotosUITests.xctest */,
			);
			name = Products;
			sourceTree = "<group>";
		};
/* End PBXGroup section */

/* Begin PBXNativeTarget section */
		3FCF95552D6A6FAC00A091F6 /* SocialNetworkWithPhotos */ = {
			isa = PBXNativeTarget;
			buildConfigurationList = 3FCF957F2D6A6FAD00A091F6 /* Build configuration list for PBXNativeTarget "SocialNetworkWithPhotos" */;
			buildPhases = (
				3FCF95522D6A6FAC00A091F6 /* Sources */,
				3FCF95532D6A6FAC00A091F6 /* Frameworks */,
				3FCF95542D6A6FAC00A091F6 /* Resources */,
			);
			buildRules = (
			);
			dependencies = (
			);
			fileSystemSynchronizedGroups = (
				3FCF95582D6A6FAC00A091F6 /* SocialNetworkWithPhotos */,
			);
			name = SocialNetworkWithPhotos;
			packageProductDependencies = (
			);
			productName = SocialNetworkWithPhotos;
			productReference = 3FCF95562D6A6FAC00A091F6 /* SocialNetworkWithPhotos.app */;
			productType = "com.apple.product-type.application";
		};
		3FCF956B2D6A6FAD00A091F6 /* SocialNetworkWithPhotosTests */ = {
			isa = PBXNativeTarget;
			buildConfigurationList = 3FCF95842D6A6FAD00A091F6 /* Build configuration list for PBXNativeTarget "SocialNetworkWithPhotosTests" */;
			buildPhases = (
				3FCF95682D6A6FAD00A091F6 /* Sources */,
				3FCF95692D6A6FAD00A091F6 /* Frameworks */,
				3FCF956A2D6A6FAD00A091F6 /* Resources */,
			);
			buildRules = (
			);
			dependencies = (
				3FCF956E2D6A6FAD00A091F6 /* PBXTargetDependency */,
			);
			fileSystemSynchronizedGroups = (
				3FCF956F2D6A6FAD00A091F6 /* SocialNetworkWithPhotosTests */,
			);
			name = SocialNetworkWithPhotosTests;
			packageProductDependencies = (
			);
			productName = SocialNetworkWithPhotosTests;
			productReference = 3FCF956C2D6A6FAD00A091F6 /* SocialNetworkWithPhotosTests.xctest */;
			productType = "com.apple.product-type.bundle.unit-test";
		};
		3FCF95752D6A6FAD00A091F6 /* SocialNetworkWithPhotosUITests */ = {
			isa = PBXNativeTarget;
			buildConfigurationList = 3FCF95872D6A6FAD00A091F6 /* Build configuration list for PBXNativeTarget "SocialNetworkWithPhotosUITests" */;
			buildPhases = (
				3FCF95722D6A6FAD00A091F6 /* Sources */,
				3FCF95732D6A6FAD00A091F6 /* Frameworks */,
				3FCF95742D6A6FAD00A091F6 /* Resources */,
			);
			buildRules = (
			);
			dependencies = (
				3FCF95782D6A6FAD00A091F6 /* PBXTargetDependency */,
			);
			fileSystemSynchronizedGroups = (
				3FCF95792D6A6FAD00A091F6 /* SocialNetworkWithPhotosUITests */,
			);
			name = SocialNetworkWithPhotosUITests;
			packageProductDependencies = (
			);
			productName = SocialNetworkWithPhotosUITests;
			productReference = 3FCF95762D6A6FAD00A091F6 /* SocialNetworkWithPhotosUITests.xctest */;
			productType = "com.apple.product-type.bundle.ui-testing";
		};
/* End PBXNativeTarget section */

/* Begin PBXProject section */
		3FCF954E2D6A6FAC00A091F6 /* Project object */ = {
			isa = PBXProject;
			attributes = {
				BuildIndependentTargetsInParallel = 1;
				LastSwiftUpdateCheck = 1620;
				LastUpgradeCheck = 1620;
				TargetAttributes = {
					3FCF95552D6A6FAC00A091F6 = {
						CreatedOnToolsVersion = 16.2;
					};
					3FCF956B2D6A6FAD00A091F6 = {
						CreatedOnToolsVersion = 16.2;
						TestTargetID = 3FCF95552D6A6FAC00A091F6;
					};
					3FCF95752D6A6FAD00A091F6 = {
						CreatedOnToolsVersion = 16.2;
						TestTargetID = 3FCF95552D6A6FAC00A091F6;
					};
				};
			};
			buildConfigurationList = 3FCF95512D6A6FAC00A091F6 /* Build configuration list for PBXProject "SocialNetworkWithPhotos" */;
			developmentRegion = en;
			hasScannedForEncodings = 0;
			knownRegions = (
				en,
				Base,
			);
			mainGroup = 3FCF954D2D6A6FAC00A091F6;
			minimizedProjectReferenceProxies = 1;
			preferredProjectObjectVersion = 77;
			productRefGroup = 3FCF95572D6A6FAC00A091F6 /* Products */;
			projectDirPath = "";
			projectRoot = "";
			targets = (
				3FCF95552D6A6FAC00A091F6 /* SocialNetworkWithPhotos */,
				3FCF956B2D6A6FAD00A091F6 /* SocialNetworkWithPhotosTests */,
				3FCF95752D6A6FAD00A091F6 /* SocialNetworkWithPhotosUITests */,
			);
		};
/* End PBXProject section */

/* Begin PBXResourcesBuildPhase section */
		3FCF95542D6A6FAC00A091F6 /* Resources */ = {
			isa = PBXResourcesBuildPhase;
			buildActionMask = 2147483647;
			files = (
			);
			runOnlyForDeploymentPostprocessing = 0;
		};
		3FCF956A2D6A6FAD00A091F6 /* Resources */ = {
			isa = PBXResourcesBuildPhase;
			buildActionMask = 2147483647;
			files = (
			);
			runOnlyForDeploymentPostprocessing = 0;
		};
		3FCF95742D6A6FAD00A091F6 /* Resources */ = {
			isa = PBXResourcesBuildPhase;
			buildActionMask = 2147483647;
			files = (
			);
			runOnlyForDeploymentPostprocessing = 0;
		};
/* End PBXResourcesBuildPhase section */

/* Begin PBXSourcesBuildPhase section */
		3FCF95522D6A6FAC00A091F6 /* Sources */ = {
			isa = PBXSourcesBuildPhase;
			buildActionMask = 2147483647;
			files = (
			);
			runOnlyForDeploymentPostprocessing = 0;
		};
		3FCF95682D6A6FAD00A091F6 /* Sources */ = {
			isa = PBXSourcesBuildPhase;
			buildActionMask = 2147483647;
			files = (
			);
			runOnlyForDeploymentPostprocessing = 0;
		};
		3FCF95722D6A6FAD00A091F6 /* Sources */ = {
			isa = PBXSourcesBuildPhase;
			buildActionMask = 2147483647;
			files = (
			);
			runOnlyForDeploymentPostprocessing = 0;
		};
/* End PBXSourcesBuildPhase section */

/* Begin PBXTargetDependency section */
		3FCF956E2D6A6FAD00A091F6 /* PBXTargetDependency */ = {
			isa = PBXTargetDependency;
			target = 3FCF95552D6A6FAC00A091F6 /* SocialNetworkWithPhotos */;
			targetProxy = 3FCF956D2D6A6FAD00A091F6 /* PBXContainerItemProxy */;
		};
		3FCF95782D6A6FAD00A091F6 /* PBXTargetDependency */ = {
			isa = PBXTargetDependency;
			target = 3FCF95552D6A6FAC00A091F6 /* SocialNetworkWithPhotos */;
			targetProxy = 3FCF95772D6A6FAD00A091F6 /* PBXContainerItemProxy */;
		};
/* End PBXTargetDependency section */

/* Begin XCBuildConfiguration section */
		3FCF95802D6A6FAD00A091F6 /* Debug */ = {
			isa = XCBuildConfiguration;
			buildSettings = {
				ASSETCATALOG_COMPILER_APPICON_NAME = AppIcon;
				ASSETCATALOG_COMPILER_GLOBAL_ACCENT_COLOR_NAME = AccentColor;
				CODE_SIGN_STYLE = Automatic;
				CURRENT_PROJECT_VERSION = 1;
				DEVELOPMENT_TEAM = 98R3GL2LW5;
				GENERATE_INFOPLIST_FILE = YES;
				INFOPLIST_FILE = SocialNetworkWithPhotos/Info.plist;
				INFOPLIST_KEY_UIApplicationSupportsIndirectInputEvents = YES;
				INFOPLIST_KEY_UILaunchStoryboardName = LaunchScreen;
				INFOPLIST_KEY_UIMainStoryboardFile = Main;
				INFOPLIST_KEY_UISupportedInterfaceOrientations = UIInterfaceOrientationPortrait;
				IPHONEOS_DEPLOYMENT_TARGET = 13.0;
				LD_RUNPATH_SEARCH_PATHS = (
					"$(inherited)",
					"@executable_path/Frameworks",
				);
				MARKETING_VERSION = 1.0;
				PRODUCT_BUNDLE_IDENTIFIER = ru.RacyFiend17.SocialNetworkWithPhotos;
				PRODUCT_NAME = "$(TARGET_NAME)";
				SUPPORTED_PLATFORMS = "iphoneos iphonesimulator";
				SUPPORTS_MACCATALYST = NO;
				SWIFT_EMIT_LOC_STRINGS = YES;
				SWIFT_VERSION = 5.0;
				TARGETED_DEVICE_FAMILY = 1;
			};
			name = Debug;
		};
		3FCF95812D6A6FAD00A091F6 /* Release */ = {
			isa = XCBuildConfiguration;
			buildSettings = {
				ASSETCATALOG_COMPILER_APPICON_NAME = AppIcon;
				ASSETCATALOG_COMPILER_GLOBAL_ACCENT_COLOR_NAME = AccentColor;
				CODE_SIGN_STYLE = Automatic;
				CURRENT_PROJECT_VERSION = 1;
				DEVELOPMENT_TEAM = 98R3GL2LW5;
				GENERATE_INFOPLIST_FILE = YES;
				INFOPLIST_FILE = SocialNetworkWithPhotos/Info.plist;
				INFOPLIST_KEY_UIApplicationSupportsIndirectInputEvents = YES;
				INFOPLIST_KEY_UILaunchStoryboardName = LaunchScreen;
				INFOPLIST_KEY_UIMainStoryboardFile = Main;
				INFOPLIST_KEY_UISupportedInterfaceOrientations = UIInterfaceOrientationPortrait;
				IPHONEOS_DEPLOYMENT_TARGET = 13.0;
				LD_RUNPATH_SEARCH_PATHS = (
					"$(inherited)",
					"@executable_path/Frameworks",
				);
				MARKETING_VERSION = 1.0;
				PRODUCT_BUNDLE_IDENTIFIER = ru.RacyFiend17.SocialNetworkWithPhotos;
				PRODUCT_NAME = "$(TARGET_NAME)";
				SUPPORTED_PLATFORMS = "iphoneos iphonesimulator";
				SUPPORTS_MACCATALYST = NO;
				SWIFT_EMIT_LOC_STRINGS = YES;
				SWIFT_VERSION = 5.0;
				TARGETED_DEVICE_FAMILY = 1;
			};
			name = Release;
		};
		3FCF95822D6A6FAD00A091F6 /* Debug */ = {
			isa = XCBuildConfiguration;
			buildSettings = {
				ALWAYS_SEARCH_USER_PATHS = NO;
				ASSETCATALOG_COMPILER_GENERATE_SWIFT_ASSET_SYMBOL_EXTENSIONS = YES;
				CLANG_ANALYZER_NONNULL = YES;
				CLANG_ANALYZER_NUMBER_OBJECT_CONVERSION = YES_AGGRESSIVE;
				CLANG_CXX_LANGUAGE_STANDARD = "gnu++20";
				CLANG_ENABLE_MODULES = YES;
				CLANG_ENABLE_OBJC_ARC = YES;
				CLANG_ENABLE_OBJC_WEAK = YES;
				CLANG_WARN_BLOCK_CAPTURE_AUTORELEASING = YES;
				CLANG_WARN_BOOL_CONVERSION = YES;
				CLANG_WARN_COMMA = YES;
				CLANG_WARN_CONSTANT_CONVERSION = YES;
				CLANG_WARN_DEPRECATED_OBJC_IMPLEMENTATIONS = YES;
				CLANG_WARN_DIRECT_OBJC_ISA_USAGE = YES_ERROR;
				CLANG_WARN_DOCUMENTATION_COMMENTS = YES;
				CLANG_WARN_EMPTY_BODY = YES;
				CLANG_WARN_ENUM_CONVERSION = YES;
				CLANG_WARN_INFINITE_RECURSION = YES;
				CLANG_WARN_INT_CONVERSION = YES;
				CLANG_WARN_NON_LITERAL_NULL_CONVERSION = YES;
				CLANG_WARN_OBJC_IMPLICIT_RETAIN_SELF = YES;
				CLANG_WARN_OBJC_LITERAL_CONVERSION = YES;
				CLANG_WARN_OBJC_ROOT_CLASS = YES_ERROR;
				CLANG_WARN_QUOTED_INCLUDE_IN_FRAMEWORK_HEADER = YES;
				CLANG_WARN_RANGE_LOOP_ANALYSIS = YES;
				CLANG_WARN_STRICT_PROTOTYPES = YES;
				CLANG_WARN_SUSPICIOUS_MOVE = YES;
				CLANG_WARN_UNGUARDED_AVAILABILITY = YES_AGGRESSIVE;
				CLANG_WARN_UNREACHABLE_CODE = YES;
				CLANG_WARN__DUPLICATE_METHOD_MATCH = YES;
				COPY_PHASE_STRIP = NO;
				DEBUG_INFORMATION_FORMAT = dwarf;
				ENABLE_STRICT_OBJC_MSGSEND = YES;
				ENABLE_TESTABILITY = YES;
				ENABLE_USER_SCRIPT_SANDBOXING = YES;
				GCC_C_LANGUAGE_STANDARD = gnu17;
				GCC_DYNAMIC_NO_PIC = NO;
				GCC_NO_COMMON_BLOCKS = YES;
				GCC_OPTIMIZATION_LEVEL = 0;
				GCC_PREPROCESSOR_DEFINITIONS = (
					"DEBUG=1",
					"$(inherited)",
				);
				GCC_WARN_64_TO_32_BIT_CONVERSION = YES;
				GCC_WARN_ABOUT_RETURN_TYPE = YES_ERROR;
				GCC_WARN_UNDECLARED_SELECTOR = YES;
				GCC_WARN_UNINITIALIZED_AUTOS = YES_AGGRESSIVE;
				GCC_WARN_UNUSED_FUNCTION = YES;
				GCC_WARN_UNUSED_VARIABLE = YES;
				IPHONEOS_DEPLOYMENT_TARGET = 18.2;
				LOCALIZATION_PREFERS_STRING_CATALOGS = YES;
				MTL_ENABLE_DEBUG_INFO = INCLUDE_SOURCE;
				MTL_FAST_MATH = YES;
				ONLY_ACTIVE_ARCH = YES;
				SDKROOT = iphoneos;
				SWIFT_ACTIVE_COMPILATION_CONDITIONS = "DEBUG $(inherited)";
				SWIFT_OPTIMIZATION_LEVEL = "-Onone";
			};
			name = Debug;
		};
		3FCF95832D6A6FAD00A091F6 /* Release */ = {
			isa = XCBuildConfiguration;
			buildSettings = {
				ALWAYS_SEARCH_USER_PATHS = NO;
				ASSETCATALOG_COMPILER_GENERATE_SWIFT_ASSET_SYMBOL_EXTENSIONS = YES;
				CLANG_ANALYZER_NONNULL = YES;
				CLANG_ANALYZER_NUMBER_OBJECT_CONVERSION = YES_AGGRESSIVE;
				CLANG_CXX_LANGUAGE_STANDARD = "gnu++20";
				CLANG_ENABLE_MODULES = YES;
				CLANG_ENABLE_OBJC_ARC = YES;
				CLANG_ENABLE_OBJC_WEAK = YES;
				CLANG_WARN_BLOCK_CAPTURE_AUTORELEASING = YES;
				CLANG_WARN_BOOL_CONVERSION = YES;
				CLANG_WARN_COMMA = YES;
				CLANG_WARN_CONSTANT_CONVERSION = YES;
				CLANG_WARN_DEPRECATED_OBJC_IMPLEMENTATIONS = YES;
				CLANG_WARN_DIRECT_OBJC_ISA_USAGE = YES_ERROR;
				CLANG_WARN_DOCUMENTATION_COMMENTS = YES;
				CLANG_WARN_EMPTY_BODY = YES;
				CLANG_WARN_ENUM_CONVERSION = YES;
				CLANG_WARN_INFINITE_RECURSION = YES;
				CLANG_WARN_INT_CONVERSION = YES;
				CLANG_WARN_NON_LITERAL_NULL_CONVERSION = YES;
				CLANG_WARN_OBJC_IMPLICIT_RETAIN_SELF = YES;
				CLANG_WARN_OBJC_LITERAL_CONVERSION = YES;
				CLANG_WARN_OBJC_ROOT_CLASS = YES_ERROR;
				CLANG_WARN_QUOTED_INCLUDE_IN_FRAMEWORK_HEADER = YES;
				CLANG_WARN_RANGE_LOOP_ANALYSIS = YES;
				CLANG_WARN_STRICT_PROTOTYPES = YES;
				CLANG_WARN_SUSPICIOUS_MOVE = YES;
				CLANG_WARN_UNGUARDED_AVAILABILITY = YES_AGGRESSIVE;
				CLANG_WARN_UNREACHABLE_CODE = YES;
				CLANG_WARN__DUPLICATE_METHOD_MATCH = YES;
				COPY_PHASE_STRIP = NO;
				DEBUG_INFORMATION_FORMAT = "dwarf-with-dsym";
				ENABLE_NS_ASSERTIONS = NO;
				ENABLE_STRICT_OBJC_MSGSEND = YES;
				ENABLE_USER_SCRIPT_SANDBOXING = YES;
				GCC_C_LANGUAGE_STANDARD = gnu17;
				GCC_NO_COMMON_BLOCKS = YES;
				GCC_WARN_64_TO_32_BIT_CONVERSION = YES;
				GCC_WARN_ABOUT_RETURN_TYPE = YES_ERROR;
				GCC_WARN_UNDECLARED_SELECTOR = YES;
				GCC_WARN_UNINITIALIZED_AUTOS = YES_AGGRESSIVE;
				GCC_WARN_UNUSED_FUNCTION = YES;
				GCC_WARN_UNUSED_VARIABLE = YES;
				IPHONEOS_DEPLOYMENT_TARGET = 18.2;
				LOCALIZATION_PREFERS_STRING_CATALOGS = YES;
				MTL_ENABLE_DEBUG_INFO = NO;
				MTL_FAST_MATH = YES;
				SDKROOT = iphoneos;
				SWIFT_COMPILATION_MODE = wholemodule;
				VALIDATE_PRODUCT = YES;
			};
			name = Release;
		};
		3FCF95852D6A6FAD00A091F6 /* Debug */ = {
			isa = XCBuildConfiguration;
			buildSettings = {
				BUNDLE_LOADER = "$(TEST_HOST)";
				CODE_SIGN_STYLE = Automatic;
				CURRENT_PROJECT_VERSION = 1;
				DEVELOPMENT_TEAM = 98R3GL2LW5;
				GENERATE_INFOPLIST_FILE = YES;
				IPHONEOS_DEPLOYMENT_TARGET = 18.2;
				MARKETING_VERSION = 1.0;
				PRODUCT_BUNDLE_IDENTIFIER = ru.RacyFiend17.SocialNetworkWithPhotosTests;
				PRODUCT_NAME = "$(TARGET_NAME)";
				SWIFT_EMIT_LOC_STRINGS = NO;
				SWIFT_VERSION = 5.0;
				TARGETED_DEVICE_FAMILY = "1,2";
				TEST_HOST = "$(BUILT_PRODUCTS_DIR)/SocialNetworkWithPhotos.app/$(BUNDLE_EXECUTABLE_FOLDER_PATH)/SocialNetworkWithPhotos";
			};
			name = Debug;
		};
		3FCF95862D6A6FAD00A091F6 /* Release */ = {
			isa = XCBuildConfiguration;
			buildSettings = {
				BUNDLE_LOADER = "$(TEST_HOST)";
				CODE_SIGN_STYLE = Automatic;
				CURRENT_PROJECT_VERSION = 1;
				DEVELOPMENT_TEAM = 98R3GL2LW5;
				GENERATE_INFOPLIST_FILE = YES;
				IPHONEOS_DEPLOYMENT_TARGET = 18.2;
				MARKETING_VERSION = 1.0;
				PRODUCT_BUNDLE_IDENTIFIER = ru.RacyFiend17.SocialNetworkWithPhotosTests;
				PRODUCT_NAME = "$(TARGET_NAME)";
				SWIFT_EMIT_LOC_STRINGS = NO;
				SWIFT_VERSION = 5.0;
				TARGETED_DEVICE_FAMILY = "1,2";
				TEST_HOST = "$(BUILT_PRODUCTS_DIR)/SocialNetworkWithPhotos.app/$(BUNDLE_EXECUTABLE_FOLDER_PATH)/SocialNetworkWithPhotos";
			};
			name = Release;
		};
		3FCF95882D6A6FAD00A091F6 /* Debug */ = {
			isa = XCBuildConfiguration;
			buildSettings = {
				CODE_SIGN_STYLE = Automatic;
				CURRENT_PROJECT_VERSION = 1;
				DEVELOPMENT_TEAM = 98R3GL2LW5;
				GENERATE_INFOPLIST_FILE = YES;
				MARKETING_VERSION = 1.0;
				PRODUCT_BUNDLE_IDENTIFIER = ru.RacyFiend17.SocialNetworkWithPhotosUITests;
				PRODUCT_NAME = "$(TARGET_NAME)";
				SWIFT_EMIT_LOC_STRINGS = NO;
				SWIFT_VERSION = 5.0;
				TARGETED_DEVICE_FAMILY = "1,2";
				TEST_TARGET_NAME = SocialNetworkWithPhotos;
			};
			name = Debug;
		};
		3FCF95892D6A6FAD00A091F6 /* Release */ = {
			isa = XCBuildConfiguration;
			buildSettings = {
				CODE_SIGN_STYLE = Automatic;
				CURRENT_PROJECT_VERSION = 1;
				DEVELOPMENT_TEAM = 98R3GL2LW5;
				GENERATE_INFOPLIST_FILE = YES;
				MARKETING_VERSION = 1.0;
				PRODUCT_BUNDLE_IDENTIFIER = ru.RacyFiend17.SocialNetworkWithPhotosUITests;
				PRODUCT_NAME = "$(TARGET_NAME)";
				SWIFT_EMIT_LOC_STRINGS = NO;
				SWIFT_VERSION = 5.0;
				TARGETED_DEVICE_FAMILY = "1,2";
				TEST_TARGET_NAME = SocialNetworkWithPhotos;
			};
			name = Release;
		};
/* End XCBuildConfiguration section */

/* Begin XCConfigurationList section */
		3FCF95512D6A6FAC00A091F6 /* Build configuration list for PBXProject "SocialNetworkWithPhotos" */ = {
			isa = XCConfigurationList;
			buildConfigurations = (
				3FCF95822D6A6FAD00A091F6 /* Debug */,
				3FCF95832D6A6FAD00A091F6 /* Release */,
			);
			defaultConfigurationIsVisible = 0;
			defaultConfigurationName = Release;
		};
		3FCF957F2D6A6FAD00A091F6 /* Build configuration list for PBXNativeTarget "SocialNetworkWithPhotos" */ = {
			isa = XCConfigurationList;
			buildConfigurations = (
				3FCF95802D6A6FAD00A091F6 /* Debug */,
				3FCF95812D6A6FAD00A091F6 /* Release */,
			);
			defaultConfigurationIsVisible = 0;
			defaultConfigurationName = Release;
		};
		3FCF95842D6A6FAD00A091F6 /* Build configuration list for PBXNativeTarget "SocialNetworkWithPhotosTests" */ = {
			isa = XCConfigurationList;
			buildConfigurations = (
				3FCF95852D6A6FAD00A091F6 /* Debug */,
				3FCF95862D6A6FAD00A091F6 /* Release */,
			);
			defaultConfigurationIsVisible = 0;
			defaultConfigurationName = Release;
		};
		3FCF95872D6A6FAD00A091F6 /* Build configuration list for PBXNativeTarget "SocialNetworkWithPhotosUITests" */ = {
			isa = XCConfigurationList;
			buildConfigurations = (
				3FCF95882D6A6FAD00A091F6 /* Debug */,
				3FCF95892D6A6FAD00A091F6 /* Release */,
			);
			defaultConfigurationIsVisible = 0;
			defaultConfigurationName = Release;
		};
/* End XCConfigurationList section */
	};
	rootObject = 3FCF954E2D6A6FAC00A091F6 /* Project object */;
}
